# THIS IS AN AUTOGENERATED FILE. DO NOT EDIT THIS FILE DIRECTLY.
# yarn lockfile v1


"@react-native-firebase/messaging@^23.5.0":
  version "23.5.0"
  resolved "https://registry.yarnpkg.com/@react-native-firebase/messaging/-/messaging-23.5.0.tgz#8e39a44a90f7bf95a9a167649efa7f1e8251f9b7"
  integrity sha512-2EM28isDWgqCauar/kOnhpFQZ8ARnq9iE0N093TrS/sr+Mu6PHkPEDJElV9LFfp6nfxxjlm75h+x+nJrEDRkhQ==
